
Microsoft Visual Studio Solution File, Format Version 12.00
# Visual Studio Version 17
VisualStudioVersion = 17.7.34024.191
MinimumVisualStudioVersion = 10.0.40219.1
Project("{FAE04EC0-301F-11D3-BF4B-00C04F79EFBC}") = "dz_09.11.2023", "dz_09.11.2023.csproj", "{BF926F93-4FB0-4A81-B1B0-C33FF701280E}"
EndProject
Project("{FAE04EC0-301F-11D3-BF4B-00C04F79EFBC}") = "Task  Manager", "Task  Manager\Task  Manager.csproj", "{BCB7D537-4B59-4EDE-83B5-9FDA54AE9210}"
EndProject
Global
	GlobalSection(SolutionConfigurationPlatforms) = preSolution
		Debug|Any CPU = Debug|Any CPU
		Release|Any CPU = Release|Any CPU
	EndGlobalSection
	GlobalSection(ProjectConfigurationPlatforms) = postSolution
		{BF926F93-4FB0-4A81-B1B0-C33FF701280E}.Debug|Any CPU.ActiveCfg = Debug|Any CPU
		{BF926F93-4FB0-4A81-B1B0-C33FF701280E}.Debug|Any CPU.Build.0 = Debug|Any CPU
		{BF926F93-4FB0-4A81-B1B0-C33FF701280E}.Release|Any CPU.ActiveCfg = Release|Any CPU
		{BF926F93-4FB0-4A81-B1B0-C33FF701280E}.Release|Any CPU.Build.0 = Release|Any CPU
		{BCB7D537-4B59-4EDE-83B5-9FDA54AE9210}.Debug|Any CPU.ActiveCfg = Debug|Any CPU
		{BCB7D537-4B59-4EDE-83B5-9FDA54AE9210}.Debug|Any CPU.Build.0 = Debug|Any CPU
		{BCB7D537-4B59-4EDE-83B5-9FDA54AE9210}.Release|Any CPU.ActiveCfg = Release|Any CPU
		{BCB7D537-4B59-4EDE-83B5-9FDA54AE9210}.Release|Any CPU.Build.0 = Release|Any CPU
	EndGlobalSection
	GlobalSection(SolutionProperties) = preSolution
		HideSolutionNode = FALSE
	EndGlobalSection
	GlobalSection(ExtensibilityGlobals) = postSolution
		SolutionGuid = {2B658905-0200-4B89-89C0-08A2F7DFF26D}
	EndGlobalSection
EndGlobal
